Microsoft Visual Studio Solution File, Format Version 11.00
# Visual Studio 2008

Project("{40D78CAF-E82C-D2F7-4FF5-4586DDD06A85}") = "Unity Paper Game17", "Assembly-CSharp-vs.csproj", "{54B2F2A0-8B75-181E-0124-040BD4D7020E}"
EndProject
Project("{40D78CAF-E82C-D2F7-4FF5-4586DDD06A85}") = "Unity Paper Game17", "Assembly-CSharp-Editor-vs.csproj", "{85E5FCE8-AAC8-6547-6348-5EDBD31EA643}"
EndProject
Global
	GlobalSection(SolutionConfigurationPlatforms) = preSolution
		Debug|Any CPU = Debug|Any CPU
		Release|Any CPU = Release|Any CPU
	EndGlobalSection
	GlobalSection(ProjectConfigurationPlatforms) = postSolution
		{54B2F2A0-8B75-181E-0124-040BD4D7020E}.Debug|Any CPU.ActiveCfg = Debug|Any CPU
		{54B2F2A0-8B75-181E-0124-040BD4D7020E}.Debug|Any CPU.Build.0 = Debug|Any CPU
		{54B2F2A0-8B75-181E-0124-040BD4D7020E}.Release|Any CPU.ActiveCfg = Release|Any CPU
		{54B2F2A0-8B75-181E-0124-040BD4D7020E}.Release|Any CPU.Build.0 = Release|Any CPU
		{85E5FCE8-AAC8-6547-6348-5EDBD31EA643}.Debug|Any CPU.ActiveCfg = Debug|Any CPU
		{85E5FCE8-AAC8-6547-6348-5EDBD31EA643}.Debug|Any CPU.Build.0 = Debug|Any CPU
		{85E5FCE8-AAC8-6547-6348-5EDBD31EA643}.Release|Any CPU.ActiveCfg = Release|Any CPU
		{85E5FCE8-AAC8-6547-6348-5EDBD31EA643}.Release|Any CPU.Build.0 = Release|Any CPU
	EndGlobalSection
	GlobalSection(SolutionProperties) = preSolution
		HideSolutionNode = FALSE
	EndGlobalSection
		GlobalSection(MonoDevelopProperties) = preSolution
		StartupItem = Assembly-CSharp.csproj
		Policies = $0
		$0.TextStylePolicy = $1
		$1.inheritsSet = null
		$1.scope = text/x-csharp
		$0.CSharpFormattingPolicy = $2
		$2.inheritsSet = Mono
		$2.inheritsScope = text/x-csharp
		$2.scope = text/x-csharp
		$0.TextStylePolicy = $3
		$3.FileWidth = 120
		$3.TabWidth = 4
		$3.EolMarker = Unix
		$3.inheritsSet = Mono
		$3.inheritsScope = text/plain
		$3.scope = text/plain
	EndGlobalSection

EndGlobal
