Microsoft Visual Studio Solution File, Format Version 11.00
# Visual Studio 2008

Project("{E3CB0B7E-69FB-0549-3E24-767C42FB1FED}") = "Unity Paper Game20", "Assembly-CSharp-firstpass.csproj", "{BCDB706E-1B2D-7C53-2F1D-24EBDF407601}"
EndProject
Project("{E3CB0B7E-69FB-0549-3E24-767C42FB1FED}") = "Unity Paper Game20", "Assembly-CSharp.csproj", "{E104B658-00C8-42CC-F4F1-E27984C87334}"
EndProject
Project("{E3CB0B7E-69FB-0549-3E24-767C42FB1FED}") = "Unity Paper Game20", "Assembly-CSharp-Editor.csproj", "{7FCD29DA-B5AE-0FE2-74A7-75341B92CDCB}"
EndProject
Global
	GlobalSection(SolutionConfigurationPlatforms) = preSolution
		Debug|Any CPU = Debug|Any CPU
		Release|Any CPU = Release|Any CPU
	EndGlobalSection
	GlobalSection(ProjectConfigurationPlatforms) = postSolution
		{BCDB706E-1B2D-7C53-2F1D-24EBDF407601}.Debug|Any CPU.ActiveCfg = Debug|Any CPU
		{BCDB706E-1B2D-7C53-2F1D-24EBDF407601}.Debug|Any CPU.Build.0 = Debug|Any CPU
		{BCDB706E-1B2D-7C53-2F1D-24EBDF407601}.Release|Any CPU.ActiveCfg = Release|Any CPU
		{BCDB706E-1B2D-7C53-2F1D-24EBDF407601}.Release|Any CPU.Build.0 = Release|Any CPU
		{E104B658-00C8-42CC-F4F1-E27984C87334}.Debug|Any CPU.ActiveCfg = Debug|Any CPU
		{E104B658-00C8-42CC-F4F1-E27984C87334}.Debug|Any CPU.Build.0 = Debug|Any CPU
		{E104B658-00C8-42CC-F4F1-E27984C87334}.Release|Any CPU.ActiveCfg = Release|Any CPU
		{E104B658-00C8-42CC-F4F1-E27984C87334}.Release|Any CPU.Build.0 = Release|Any CPU
		{7FCD29DA-B5AE-0FE2-74A7-75341B92CDCB}.Debug|Any CPU.ActiveCfg = Debug|Any CPU
		{7FCD29DA-B5AE-0FE2-74A7-75341B92CDCB}.Debug|Any CPU.Build.0 = Debug|Any CPU
		{7FCD29DA-B5AE-0FE2-74A7-75341B92CDCB}.Release|Any CPU.ActiveCfg = Release|Any CPU
		{7FCD29DA-B5AE-0FE2-74A7-75341B92CDCB}.Release|Any CPU.Build.0 = Release|Any CPU
	EndGlobalSection
	GlobalSection(SolutionProperties) = preSolution
		HideSolutionNode = FALSE
	EndGlobalSection
											GlobalSection(MonoDevelopProperties) = preSolution
		StartupItem = Assembly-CSharp.csproj
		Policies = $0
		$0.TextStylePolicy = $1
		$1.inheritsSet = null
		$1.scope = text/x-csharp
		$0.CSharpFormattingPolicy = $2
		$2.inheritsSet = Mono
		$2.inheritsScope = text/x-csharp
		$2.scope = text/x-csharp
		$0.TextStylePolicy = $3
		$3.FileWidth = 120
		$3.TabWidth = 4
		$3.IndentWidth = 4
		$3.EolMarker = Unix
		$3.inheritsSet = Mono
		$3.inheritsScope = text/plain
		$3.scope = text/plain
	EndGlobalSection

EndGlobal
