Microsoft Visual Studio Solution File, Format Version 11.00
# Visual Studio 2008

Project("{7141201D-5DCA-2997-3B6D-04C65D4FEE8D}") = "Unity Paper Game23", "Assembly-CSharp-firstpass.csproj", "{21E0DEA4-9866-962B-D46D-7D6CF8C0B79B}"
EndProject
Project("{7141201D-5DCA-2997-3B6D-04C65D4FEE8D}") = "Unity Paper Game23", "Assembly-CSharp.csproj", "{576BB093-701C-B2F7-66B8-D07924F65CBD}"
EndProject
Project("{7141201D-5DCA-2997-3B6D-04C65D4FEE8D}") = "Unity Paper Game23", "Assembly-CSharp-Editor.csproj", "{2246141D-C472-673C-9D1A-C7CCE07FCCAF}"
EndProject
Global
	GlobalSection(SolutionConfigurationPlatforms) = preSolution
		Debug|Any CPU = Debug|Any CPU
		Release|Any CPU = Release|Any CPU
	EndGlobalSection
	GlobalSection(ProjectConfigurationPlatforms) = postSolution
		{21E0DEA4-9866-962B-D46D-7D6CF8C0B79B}.Debug|Any CPU.ActiveCfg = Debug|Any CPU
		{21E0DEA4-9866-962B-D46D-7D6CF8C0B79B}.Debug|Any CPU.Build.0 = Debug|Any CPU
		{21E0DEA4-9866-962B-D46D-7D6CF8C0B79B}.Release|Any CPU.ActiveCfg = Release|Any CPU
		{21E0DEA4-9866-962B-D46D-7D6CF8C0B79B}.Release|Any CPU.Build.0 = Release|Any CPU
		{576BB093-701C-B2F7-66B8-D07924F65CBD}.Debug|Any CPU.ActiveCfg = Debug|Any CPU
		{576BB093-701C-B2F7-66B8-D07924F65CBD}.Debug|Any CPU.Build.0 = Debug|Any CPU
		{576BB093-701C-B2F7-66B8-D07924F65CBD}.Release|Any CPU.ActiveCfg = Release|Any CPU
		{576BB093-701C-B2F7-66B8-D07924F65CBD}.Release|Any CPU.Build.0 = Release|Any CPU
		{2246141D-C472-673C-9D1A-C7CCE07FCCAF}.Debug|Any CPU.ActiveCfg = Debug|Any CPU
		{2246141D-C472-673C-9D1A-C7CCE07FCCAF}.Debug|Any CPU.Build.0 = Debug|Any CPU
		{2246141D-C472-673C-9D1A-C7CCE07FCCAF}.Release|Any CPU.ActiveCfg = Release|Any CPU
		{2246141D-C472-673C-9D1A-C7CCE07FCCAF}.Release|Any CPU.Build.0 = Release|Any CPU
	EndGlobalSection
	GlobalSection(SolutionProperties) = preSolution
		HideSolutionNode = FALSE
	EndGlobalSection
			GlobalSection(MonoDevelopProperties) = preSolution
		StartupItem = Assembly-CSharp.csproj
		Policies = $0
		$0.TextStylePolicy = $1
		$1.inheritsSet = null
		$1.scope = text/x-csharp
		$0.CSharpFormattingPolicy = $2
		$2.inheritsSet = Mono
		$2.inheritsScope = text/x-csharp
		$2.scope = text/x-csharp
		$0.TextStylePolicy = $3
		$3.FileWidth = 120
		$3.TabWidth = 4
		$3.IndentWidth = 4
		$3.EolMarker = Unix
		$3.inheritsSet = Mono
		$3.inheritsScope = text/plain
		$3.scope = text/plain
	EndGlobalSection

EndGlobal
