Microsoft Visual Studio Solution File, Format Version 11.00
# Visual Studio 2008

Project("{AAE3DE89-4BF9-DF9D-0D28-2D6BBF587D1E}") = "Unity Paper Game18", "Assembly-CSharp-vs.csproj", "{E023C4D5-5E5B-D929-50B7-0E2D17F8507F}"
EndProject
Project("{AAE3DE89-4BF9-DF9D-0D28-2D6BBF587D1E}") = "Unity Paper Game18", "Assembly-CSharp-Editor-vs.csproj", "{3963D46C-69F9-4B91-BA82-3CC0FD4A484E}"
EndProject
Global
	GlobalSection(SolutionConfigurationPlatforms) = preSolution
		Debug|Any CPU = Debug|Any CPU
		Release|Any CPU = Release|Any CPU
	EndGlobalSection
	GlobalSection(ProjectConfigurationPlatforms) = postSolution
		{E023C4D5-5E5B-D929-50B7-0E2D17F8507F}.Debug|Any CPU.ActiveCfg = Debug|Any CPU
		{E023C4D5-5E5B-D929-50B7-0E2D17F8507F}.Debug|Any CPU.Build.0 = Debug|Any CPU
		{E023C4D5-5E5B-D929-50B7-0E2D17F8507F}.Release|Any CPU.ActiveCfg = Release|Any CPU
		{E023C4D5-5E5B-D929-50B7-0E2D17F8507F}.Release|Any CPU.Build.0 = Release|Any CPU
		{3963D46C-69F9-4B91-BA82-3CC0FD4A484E}.Debug|Any CPU.ActiveCfg = Debug|Any CPU
		{3963D46C-69F9-4B91-BA82-3CC0FD4A484E}.Debug|Any CPU.Build.0 = Debug|Any CPU
		{3963D46C-69F9-4B91-BA82-3CC0FD4A484E}.Release|Any CPU.ActiveCfg = Release|Any CPU
		{3963D46C-69F9-4B91-BA82-3CC0FD4A484E}.Release|Any CPU.Build.0 = Release|Any CPU
	EndGlobalSection
	GlobalSection(SolutionProperties) = preSolution
		HideSolutionNode = FALSE
	EndGlobalSection
					GlobalSection(MonoDevelopProperties) = preSolution
		StartupItem = Assembly-CSharp.csproj
		Policies = $0
		$0.TextStylePolicy = $1
		$1.inheritsSet = null
		$1.scope = text/x-csharp
		$0.CSharpFormattingPolicy = $2
		$2.inheritsSet = Mono
		$2.inheritsScope = text/x-csharp
		$2.scope = text/x-csharp
		$0.TextStylePolicy = $3
		$3.FileWidth = 120
		$3.TabWidth = 4
		$3.IndentWidth = 4
		$3.EolMarker = Unix
		$3.inheritsSet = Mono
		$3.inheritsScope = text/plain
		$3.scope = text/plain
	EndGlobalSection

EndGlobal
