Microsoft Visual Studio Solution File, Format Version 11.00
# Visual Studio 2008

Project("{786C8912-9242-5EBE-6F6D-FD95E0C44E46}") = "Unity Paper Game16", "Assembly-CSharp-vs.csproj", "{5CD315B4-97D1-A16F-8C6A-9E033FCDD0B5}"
EndProject
Project("{786C8912-9242-5EBE-6F6D-FD95E0C44E46}") = "Unity Paper Game16", "Assembly-CSharp-Editor-vs.csproj", "{D2CAE2C1-C68D-79DA-CFB7-ED8D1211FEF8}"
EndProject
Global
	GlobalSection(SolutionConfigurationPlatforms) = preSolution
		Debug|Any CPU = Debug|Any CPU
		Release|Any CPU = Release|Any CPU
	EndGlobalSection
	GlobalSection(ProjectConfigurationPlatforms) = postSolution
		{5CD315B4-97D1-A16F-8C6A-9E033FCDD0B5}.Debug|Any CPU.ActiveCfg = Debug|Any CPU
		{5CD315B4-97D1-A16F-8C6A-9E033FCDD0B5}.Debug|Any CPU.Build.0 = Debug|Any CPU
		{5CD315B4-97D1-A16F-8C6A-9E033FCDD0B5}.Release|Any CPU.ActiveCfg = Release|Any CPU
		{5CD315B4-97D1-A16F-8C6A-9E033FCDD0B5}.Release|Any CPU.Build.0 = Release|Any CPU
		{D2CAE2C1-C68D-79DA-CFB7-ED8D1211FEF8}.Debug|Any CPU.ActiveCfg = Debug|Any CPU
		{D2CAE2C1-C68D-79DA-CFB7-ED8D1211FEF8}.Debug|Any CPU.Build.0 = Debug|Any CPU
		{D2CAE2C1-C68D-79DA-CFB7-ED8D1211FEF8}.Release|Any CPU.ActiveCfg = Release|Any CPU
		{D2CAE2C1-C68D-79DA-CFB7-ED8D1211FEF8}.Release|Any CPU.Build.0 = Release|Any CPU
	EndGlobalSection
	GlobalSection(SolutionProperties) = preSolution
		HideSolutionNode = FALSE
	EndGlobalSection
		GlobalSection(MonoDevelopProperties) = preSolution
		StartupItem = Assembly-CSharp.csproj
		Policies = $0
		$0.TextStylePolicy = $1
		$1.inheritsSet = null
		$1.scope = text/x-csharp
		$0.CSharpFormattingPolicy = $2
		$2.inheritsSet = Mono
		$2.inheritsScope = text/x-csharp
		$2.scope = text/x-csharp
		$0.TextStylePolicy = $3
		$3.FileWidth = 120
		$3.TabWidth = 4
		$3.IndentWidth = 4
		$3.EolMarker = Unix
		$3.inheritsSet = Mono
		$3.inheritsScope = text/plain
		$3.scope = text/plain
	EndGlobalSection

EndGlobal
