Microsoft Visual Studio Solution File, Format Version 11.00
# Visual Studio 2008

Project("{0EBE43B2-3138-1969-94FA-D430D1D5CDB2}") = "Unity Paper Game22", "Assembly-CSharp-firstpass.csproj", "{0831D884-478E-4168-6FE3-1396B7F762BF}"
EndProject
Project("{0EBE43B2-3138-1969-94FA-D430D1D5CDB2}") = "Unity Paper Game22", "Assembly-CSharp.csproj", "{C08D8F9A-6F3E-DBAC-640C-8D9D27BB6CEA}"
EndProject
Project("{0EBE43B2-3138-1969-94FA-D430D1D5CDB2}") = "Unity Paper Game22", "Assembly-CSharp-Editor.csproj", "{3105AB99-0A1D-C244-4E9D-ACD1E02D6B8E}"
EndProject
Global
	GlobalSection(SolutionConfigurationPlatforms) = preSolution
		Debug|Any CPU = Debug|Any CPU
		Release|Any CPU = Release|Any CPU
	EndGlobalSection
	GlobalSection(ProjectConfigurationPlatforms) = postSolution
		{0831D884-478E-4168-6FE3-1396B7F762BF}.Debug|Any CPU.ActiveCfg = Debug|Any CPU
		{0831D884-478E-4168-6FE3-1396B7F762BF}.Debug|Any CPU.Build.0 = Debug|Any CPU
		{0831D884-478E-4168-6FE3-1396B7F762BF}.Release|Any CPU.ActiveCfg = Release|Any CPU
		{0831D884-478E-4168-6FE3-1396B7F762BF}.Release|Any CPU.Build.0 = Release|Any CPU
		{C08D8F9A-6F3E-DBAC-640C-8D9D27BB6CEA}.Debug|Any CPU.ActiveCfg = Debug|Any CPU
		{C08D8F9A-6F3E-DBAC-640C-8D9D27BB6CEA}.Debug|Any CPU.Build.0 = Debug|Any CPU
		{C08D8F9A-6F3E-DBAC-640C-8D9D27BB6CEA}.Release|Any CPU.ActiveCfg = Release|Any CPU
		{C08D8F9A-6F3E-DBAC-640C-8D9D27BB6CEA}.Release|Any CPU.Build.0 = Release|Any CPU
		{3105AB99-0A1D-C244-4E9D-ACD1E02D6B8E}.Debug|Any CPU.ActiveCfg = Debug|Any CPU
		{3105AB99-0A1D-C244-4E9D-ACD1E02D6B8E}.Debug|Any CPU.Build.0 = Debug|Any CPU
		{3105AB99-0A1D-C244-4E9D-ACD1E02D6B8E}.Release|Any CPU.ActiveCfg = Release|Any CPU
		{3105AB99-0A1D-C244-4E9D-ACD1E02D6B8E}.Release|Any CPU.Build.0 = Release|Any CPU
	EndGlobalSection
	GlobalSection(SolutionProperties) = preSolution
		HideSolutionNode = FALSE
	EndGlobalSection
									GlobalSection(MonoDevelopProperties) = preSolution
		StartupItem = Assembly-CSharp.csproj
		Policies = $0
		$0.TextStylePolicy = $1
		$1.inheritsSet = null
		$1.scope = text/x-csharp
		$0.CSharpFormattingPolicy = $2
		$2.inheritsSet = Mono
		$2.inheritsScope = text/x-csharp
		$2.scope = text/x-csharp
		$0.TextStylePolicy = $3
		$3.FileWidth = 120
		$3.TabWidth = 4
		$3.IndentWidth = 4
		$3.EolMarker = Unix
		$3.inheritsSet = Mono
		$3.inheritsScope = text/plain
		$3.scope = text/plain
	EndGlobalSection

EndGlobal
